# THIS IS AN AUTOGENERATED FILE. DO NOT EDIT THIS FILE DIRECTLY.
# yarn lockfile v1


"@remix-run/router@1.23.3":
  version "1.23.3"
  resolved "https://registry.yarnpkg.com/@remix-run/router/-/router-1.23.3.tgz#957c098d4393d301a8aa7dccf3ef28ea5430e36a"
  integrity sha512-4An71tdz9X8+3sI4Qqqd2LWd9vS39J7sqd9EU4Scw7TJE/qB10Flv/UuqbPVgfQV9XoK8Np6jNquZitnZq5i+Q==

react-router-dom@6:
  version "6.30.4"
  resolved "https://registry.yarnpkg.com/react-router-dom/-/react-router-dom-6.30.4.tgz#f7167bf3da6c7d9132130ea985dd06def25e84d5"
  integrity sha512-q4HvNl+mmDdkS0g+MqiBZNteQJCuimWoOyHMy4T/RQLAn9Z29+E91QXRaxOujeMl2HTzRSS0KFPd7lxX3PjV0Q==
  dependencies:
    "@remix-run/router" "1.23.3"
    react-router "6.30.4"

react-router@6.30.4:
  version "6.30.4"
  resolved "https://registry.yarnpkg.com/react-router/-/react-router-6.30.4.tgz#638f35176527bd243d96d81d35d33b757bad46c2"
  integrity sha512-SVUsDe+DybHM/WmYKIVYhZh1o5Dcuf16yM6WjG02Q9XVFMZIJyHYhwrr6bFBXZkVP6z69kNkMyBCujt8FaFLJA==
  dependencies:
    "@remix-run/router" "1.23.3"
